// !$*UTF8*$!
{
	archiveVersion = 1;
	classes = {
	};
	objectVersion = 50;
	objects = {

/* Begin PBXBuildFile section */
		327BBBA2242DB2F200CA4F95 /* AppDelegate.swift in Sources */ = {isa = PBXBuildFile; fileRef = 327BBBA1242DB2F200CA4F95 /* AppDelegate.swift */; };
		327BBBA4242DB2F200CA4F95 /* SceneDelegate.swift in Sources */ = {isa = PBXBuildFile; fileRef = 327BBBA3242DB2F200CA4F95 /* SceneDelegate.swift */; };
		327BBBA6242DB2F200CA4F95 /* ViewController.swift in Sources */ = {isa = PBXBuildFile; fileRef = 327BBBA5242DB2F200CA4F95 /* ViewController.swift */; };
		327BBBA9242DB2F200CA4F95 /* Main.storyboard in Resources */ = {isa = PBXBuildFile; fileRef = 327BBBA7242DB2F200CA4F95 /* Main.storyboard */; };
		327BBBAB242DB2F500CA4F95 /* Assets.xcassets in Resources */ = {isa = PBXBuildFile; fileRef = 327BBBAA242DB2F500CA4F95 /* Assets.xcassets */; };
		327BBBAE242DB2F500CA4F95 /* LaunchScreen.storyboard in Resources */ = {isa = PBXBuildFile; fileRef = 327BBBAC242DB2F500CA4F95 /* LaunchScreen.storyboard */; };
		327BBBB6242DB65100CA4F95 /* ThirstySoftRegular.otf in Resources */ = {isa = PBXBuildFile; fileRef = 327BBBB5242DB65100CA4F95 /* ThirstySoftRegular.otf */; };
		327BBBB8242DB65A00CA4F95 /* Delm-Medium.otf in Resources */ = {isa = PBXBuildFile; fileRef = 327BBBB7242DB65A00CA4F95 /* Delm-Medium.otf */; };
/* End PBXBuildFile section */

/* Begin PBXFileReference section */
		327BBB9E242DB2F200CA4F95 /* Instagrid.app */ = {isa = PBXFileReference; explicitFileType = wrapper.application; includeInIndex = 0; path = Instagrid.app; sourceTree = BUILT_PRODUCTS_DIR; };
		327BBBA1242DB2F200CA4F95 /* AppDelegate.swift */ = {isa = PBXFileReference; lastKnownFileType = sourcecode.swift; path = AppDelegate.swift; sourceTree = "<group>"; };
		327BBBA3242DB2F200CA4F95 /* SceneDelegate.swift */ = {isa = PBXFileReference; lastKnownFileType = sourcecode.swift; path = SceneDelegate.swift; sourceTree = "<group>"; };
		327BBBA5242DB2F200CA4F95 /* ViewController.swift */ = {isa = PBXFileReference; lastKnownFileType = sourcecode.swift; path = ViewController.swift; sourceTree = "<group>"; };
		327BBBA8242DB2F200CA4F95 /* Base */ = {isa = PBXFileReference; lastKnownFileType = file.storyboard; name = Base; path = Base.lproj/Main.storyboard; sourceTree = "<group>"; };
		327BBBAA242DB2F500CA4F95 /* Assets.xcassets */ = {isa = PBXFileReference; lastKnownFileType = folder.assetcatalog; path = Assets.xcassets; sourceTree = "<group>"; };
		327BBBAD242DB2F500CA4F95 /* Base */ = {isa = PBXFileReference; lastKnownFileType = file.storyboard; name = Base; path = Base.lproj/LaunchScreen.storyboard; sourceTree = "<group>"; };
		327BBBAF242DB2F500CA4F95 /* Info.plist */ = {isa = PBXFileReference; lastKnownFileType = text.plist.xml; path = Info.plist; sourceTree = "<group>"; };
		327BBBB5242DB65100CA4F95 /* ThirstySoftRegular.otf */ = {isa = PBXFileReference; lastKnownFileType = file; path = ThirstySoftRegular.otf; sourceTree = "<group>"; };
		327BBBB7242DB65A00CA4F95 /* Delm-Medium.otf */ = {isa = PBXFileReference; lastKnownFileType = file; path = "Delm-Medium.otf"; sourceTree = "<group>"; };
/* End PBXFileReference section */

/* Begin PBXFrameworksBuildPhase section */
		327BBB9B242DB2F200CA4F95 /* Frameworks */ = {
			isa = PBXFrameworksBuildPhase;
			buildActionMask = 2147483647;
			files = (
			);
			runOnlyForDeploymentPostprocessing = 0;
		};
/* End PBXFrameworksBuildPhase section */

/* Begin PBXGroup section */
		327BBB95242DB2F200CA4F95 = {
			isa = PBXGroup;
			children = (
				327BBBA0242DB2F200CA4F95 /* Instagrid */,
				327BBB9F242DB2F200CA4F95 /* Products */,
			);
			sourceTree = "<group>";
		};
		327BBB9F242DB2F200CA4F95 /* Products */ = {
			isa = PBXGroup;
			children = (
				327BBB9E242DB2F200CA4F95 /* Instagrid.app */,
			);
			name = Products;
			sourceTree = "<group>";
		};
		327BBBA0242DB2F200CA4F95 /* Instagrid */ = {
			isa = PBXGroup;
			children = (
				327BBBA1242DB2F200CA4F95 /* AppDelegate.swift */,
				327BBBA3242DB2F200CA4F95 /* SceneDelegate.swift */,
				327BBBA5242DB2F200CA4F95 /* ViewController.swift */,
				327BBBA7242DB2F200CA4F95 /* Main.storyboard */,
				327BBBB5242DB65100CA4F95 /* ThirstySoftRegular.otf */,
				327BBBB7242DB65A00CA4F95 /* Delm-Medium.otf */,
				327BBBAA242DB2F500CA4F95 /* Assets.xcassets */,
				327BBBAC242DB2F500CA4F95 /* LaunchScreen.storyboard */,
				327BBBAF242DB2F500CA4F95 /* Info.plist */,
			);
			path = Instagrid;
			sourceTree = "<group>";
		};
/* End PBXGroup section */

/* Begin PBXNativeTarget section */
		327BBB9D242DB2F200CA4F95 /* Instagrid */ = {
			isa = PBXNativeTarget;
			buildConfigurationList = 327BBBB2242DB2F500CA4F95 /* Build configuration list for PBXNativeTarget "Instagrid" */;
			buildPhases = (
				327BBB9A242DB2F200CA4F95 /* Sources */,
				327BBB9B242DB2F200CA4F95 /* Frameworks */,
				327BBB9C242DB2F200CA4F95 /* Resources */,
			);
			buildRules = (
			);
			dependencies = (
			);
			name = Instagrid;
			productName = Instagrid;
			productReference = 327BBB9E242DB2F200CA4F95 /* Instagrid.app */;
			productType = "com.apple.product-type.application";
		};
/* End PBXNativeTarget section */

/* Begin PBXProject section */
		327BBB96242DB2F200CA4F95 /* Project object */ = {
			isa = PBXProject;
			attributes = {
				LastSwiftUpdateCheck = 1140;
				LastUpgradeCheck = 1140;
				ORGANIZATIONNAME = "Djiva Canessane";
				TargetAttributes = {
					327BBB9D242DB2F200CA4F95 = {
						CreatedOnToolsVersion = 11.4;
					};
				};
			};
			buildConfigurationList = 327BBB99242DB2F200CA4F95 /* Build configuration list for PBXProject "Instagrid" */;
			compatibilityVersion = "Xcode 9.3";
			developmentRegion = en;
			hasScannedForEncodings = 0;
			knownRegions = (
				en,
				Base,
			);
			mainGroup = 327BBB95242DB2F200CA4F95;
			productRefGroup = 327BBB9F242DB2F200CA4F95 /* Products */;
			projectDirPath = "";
			projectRoot = "";
			targets = (
				327BBB9D242DB2F200CA4F95 /* Instagrid */,
			);
		};
/* End PBXProject section */

/* Begin PBXResourcesBuildPhase section */
		327BBB9C242DB2F200CA4F95 /* Resources */ = {
			isa = PBXResourcesBuildPhase;
			buildActionMask = 2147483647;
			files = (
				327BBBAE242DB2F500CA4F95 /* LaunchScreen.storyboard in Resources */,
				327BBBB8242DB65A00CA4F95 /* Delm-Medium.otf in Resources */,
				327BBBAB242DB2F500CA4F95 /* Assets.xcassets in Resources */,
				327BBBB6242DB65100CA4F95 /* ThirstySoftRegular.otf in Resources */,
				327BBBA9242DB2F200CA4F95 /* Main.storyboard in Resources */,
			);
			runOnlyForDeploymentPostprocessing = 0;
		};
/* End PBXResourcesBuildPhase section */

/* Begin PBXSourcesBuildPhase section */
		327BBB9A242DB2F200CA4F95 /* Sources */ = {
			isa = PBXSourcesBuildPhase;
			buildActionMask = 2147483647;
			files = (
				327BBBA6242DB2F200CA4F95 /* ViewController.swift in Sources */,
				327BBBA2242DB2F200CA4F95 /* AppDelegate.swift in Sources */,
				327BBBA4242DB2F200CA4F95 /* SceneDelegate.swift in Sources */,
			);
			runOnlyForDeploymentPostprocessing = 0;
		};
/* End PBXSourcesBuildPhase section */

/* Begin PBXVariantGroup section */
		327BBBA7242DB2F200CA4F95 /* Main.storyboard */ = {
			isa = PBXVariantGroup;
			children = (
				327BBBA8242DB2F200CA4F95 /* Base */,
			);
			name = Main.storyboard;
			sourceTree = "<group>";
		};
		327BBBAC242DB2F500CA4F95 /* LaunchScreen.storyboard */ = {
			isa = PBXVariantGroup;
			children = (
				327BBBAD242DB2F500CA4F95 /* Base */,
			);
			name = LaunchScreen.storyboard;
			sourceTree = "<group>";
		};
/* End PBXVariantGroup section */

/* Begin XCBuildConfiguration section */
		327BBBB0242DB2F500CA4F95 /* Debug */ = {
			isa = XCBuildConfiguration;
			buildSettings = {
				ALWAYS_SEARCH_USER_PATHS = NO;
				CLANG_ANALYZER_NONNULL = YES;
				CLANG_ANALYZER_NUMBER_OBJECT_CONVERSION = YES_AGGRESSIVE;
				CLANG_CXX_LANGUAGE_STANDARD = "gnu++14";
				CLANG_CXX_LIBRARY = "libc++";
				CLANG_ENABLE_MODULES = YES;
				CLANG_ENABLE_OBJC_ARC = YES;
				CLANG_ENABLE_OBJC_WEAK = YES;
				CLANG_WARN_BLOCK_CAPTURE_AUTORELEASING = YES;
				CLANG_WARN_BOOL_CONVERSION = YES;
				CLANG_WARN_COMMA = YES;
				CLANG_WARN_CONSTANT_CONVERSION = YES;
				CLANG_WARN_DEPRECATED_OBJC_IMPLEMENTATIONS = YES;
				CLANG_WARN_DIRECT_OBJC_ISA_USAGE = YES_ERROR;
				CLANG_WARN_DOCUMENTATION_COMMENTS = YES;
				CLANG_WARN_EMPTY_BODY = YES;
				CLANG_WARN_ENUM_CONVERSION = YES;
				CLANG_WARN_INFINITE_RECURSION = YES;
				CLANG_WARN_INT_CONVERSION = YES;
				CLANG_WARN_NON_LITERAL_NULL_CONVERSION = YES;
				CLANG_WARN_OBJC_IMPLICIT_RETAIN_SELF = YES;
				CLANG_WARN_OBJC_LITERAL_CONVERSION = YES;
				CLANG_WARN_OBJC_ROOT_CLASS = YES_ERROR;
				CLANG_WARN_RANGE_LOOP_ANALYSIS = YES;
				CLANG_WARN_STRICT_PROTOTYPES = YES;
				CLANG_WARN_SUSPICIOUS_MOVE = YES;
				CLANG_WARN_UNGUARDED_AVAILABILITY = YES_AGGRESSIVE;
				CLANG_WARN_UNREACHABLE_CODE = YES;
				CLANG_WARN__DUPLICATE_METHOD_MATCH = YES;
				COPY_PHASE_STRIP = NO;
				DEBUG_INFORMATION_FORMAT = dwarf;
				ENABLE_STRICT_OBJC_MSGSEND = YES;
				ENABLE_TESTABILITY = YES;
				GCC_C_LANGUAGE_STANDARD = gnu11;
				GCC_DYNAMIC_NO_PIC = NO;
				GCC_NO_COMMON_BLOCKS = YES;
				GCC_OPTIMIZATION_LEVEL = 0;
				GCC_PREPROCESSOR_DEFINITIONS = (
					"DEBUG=1",
					"$(inherited)",
				);
				GCC_WARN_64_TO_32_BIT_CONVERSION = YES;
				GCC_WARN_ABOUT_RETURN_TYPE = YES_ERROR;
				GCC_WARN_UNDECLARED_SELECTOR = YES;
				GCC_WARN_UNINITIALIZED_AUTOS = YES_AGGRESSIVE;
				GCC_WARN_UNUSED_FUNCTION = YES;
				GCC_WARN_UNUSED_VARIABLE = YES;
				IPHONEOS_DEPLOYMENT_TARGET = 13.4;
				MTL_ENABLE_DEBUG_INFO = INCLUDE_SOURCE;
				MTL_FAST_MATH = YES;
				ONLY_ACTIVE_ARCH = YES;
				SDKROOT = iphoneos;
				SWIFT_ACTIVE_COMPILATION_CONDITIONS = DEBUG;
				SWIFT_OPTIMIZATION_LEVEL = "-Onone";
			};
			name = Debug;
		};
		327BBBB1242DB2F500CA4F95 /* Release */ = {
			isa = XCBuildConfiguration;
			buildSettings = {
				ALWAYS_SEARCH_USER_PATHS = NO;
				CLANG_ANALYZER_NONNULL = YES;
				CLANG_ANALYZER_NUMBER_OBJECT_CONVERSION = YES_AGGRESSIVE;
				CLANG_CXX_LANGUAGE_STANDARD = "gnu++14";
				CLANG_CXX_LIBRARY = "libc++";
				CLANG_ENABLE_MODULES = YES;
				CLANG_ENABLE_OBJC_ARC = YES;
				CLANG_ENABLE_OBJC_WEAK = YES;
				CLANG_WARN_BLOCK_CAPTURE_AUTORELEASING = YES;
				CLANG_WARN_BOOL_CONVERSION = YES;
				CLANG_WARN_COMMA = YES;
				CLANG_WARN_CONSTANT_CONVERSION = YES;
				CLANG_WARN_DEPRECATED_OBJC_IMPLEMENTATIONS = YES;
				CLANG_WARN_DIRECT_OBJC_ISA_USAGE = YES_ERROR;
				CLANG_WARN_DOCUMENTATION_COMMENTS = YES;
				CLANG_WARN_EMPTY_BODY = YES;
				CLANG_WARN_ENUM_CONVERSION = YES;
				CLANG_WARN_INFINITE_RECURSION = YES;
				CLANG_WARN_INT_CONVERSION = YES;
				CLANG_WARN_NON_LITERAL_NULL_CONVERSION = YES;
				CLANG_WARN_OBJC_IMPLICIT_RETAIN_SELF = YES;
				CLANG_WARN_OBJC_LITERAL_CONVERSION = YES;
				CLANG_WARN_OBJC_ROOT_CLASS = YES_ERROR;
				CLANG_WARN_RANGE_LOOP_ANALYSIS = YES;
				CLANG_WARN_STRICT_PROTOTYPES = YES;
				CLANG_WARN_SUSPICIOUS_MOVE = YES;
				CLANG_WARN_UNGUARDED_AVAILABILITY = YES_AGGRESSIVE;
				CLANG_WARN_UNREACHABLE_CODE = YES;
				CLANG_WARN__DUPLICATE_METHOD_MATCH = YES;
				COPY_PHASE_STRIP = NO;
				DEBUG_INFORMATION_FORMAT = "dwarf-with-dsym";
				ENABLE_NS_ASSERTIONS = NO;
				ENABLE_STRICT_OBJC_MSGSEND = YES;
				GCC_C_LANGUAGE_STANDARD = gnu11;
				GCC_NO_COMMON_BLOCKS = YES;
				GCC_WARN_64_TO_32_BIT_CONVERSION = YES;
				GCC_WARN_ABOUT_RETURN_TYPE = YES_ERROR;
				GCC_WARN_UNDECLARED_SELECTOR = YES;
				GCC_WARN_UNINITIALIZED_AUTOS = YES_AGGRESSIVE;
				GCC_WARN_UNUSED_FUNCTION = YES;
				GCC_WARN_UNUSED_VARIABLE = YES;
				IPHONEOS_DEPLOYMENT_TARGET = 13.4;
				MTL_ENABLE_DEBUG_INFO = NO;
				MTL_FAST_MATH = YES;
				SDKROOT = iphoneos;
				SWIFT_COMPILATION_MODE = wholemodule;
				SWIFT_OPTIMIZATION_LEVEL = "-O";
				VALIDATE_PRODUCT = YES;
			};
			name = Release;
		};
		327BBBB3242DB2F500CA4F95 /* Debug */ = {
			isa = XCBuildConfiguration;
			buildSettings = {
				ASSETCATALOG_COMPILER_APPICON_NAME = AppIcon;
				CODE_SIGN_STYLE = Automatic;
				INFOPLIST_FILE = Instagrid/Info.plist;
				LD_RUNPATH_SEARCH_PATHS = (
					"$(inherited)",
					"@executable_path/Frameworks",
				);
				PRODUCT_BUNDLE_IDENTIFIER = fr.canessaneDjiva.Instagrid;
				PRODUCT_NAME = "$(TARGET_NAME)";
				SWIFT_VERSION = 5.0;
				TARGETED_DEVICE_FAMILY = 1;
			};
			name = Debug;
		};
		327BBBB4242DB2F500CA4F95 /* Release */ = {
			isa = XCBuildConfiguration;
			buildSettings = {
				ASSETCATALOG_COMPILER_APPICON_NAME = AppIcon;
				CODE_SIGN_STYLE = Automatic;
				INFOPLIST_FILE = Instagrid/Info.plist;
				LD_RUNPATH_SEARCH_PATHS = (
					"$(inherited)",
					"@executable_path/Frameworks",
				);
				PRODUCT_BUNDLE_IDENTIFIER = fr.canessaneDjiva.Instagrid;
				PRODUCT_NAME = "$(TARGET_NAME)";
				SWIFT_VERSION = 5.0;
				TARGETED_DEVICE_FAMILY = 1;
			};
			name = Release;
		};
/* End XCBuildConfiguration section */

/* Begin XCConfigurationList section */
		327BBB99242DB2F200CA4F95 /* Build configuration list for PBXProject "Instagrid" */ = {
			isa = XCConfigurationList;
			buildConfigurations = (
				327BBBB0242DB2F500CA4F95 /* Debug */,
				327BBBB1242DB2F500CA4F95 /* Release */,
			);
			defaultConfigurationIsVisible = 0;
			defaultConfigurationName = Release;
		};
		327BBBB2242DB2F500CA4F95 /* Build configuration list for PBXNativeTarget "Instagrid" */ = {
			isa = XCConfigurationList;
			buildConfigurations = (
				327BBBB3242DB2F500CA4F95 /* Debug */,
				327BBBB4242DB2F500CA4F95 /* Release */,
			);
			defaultConfigurationIsVisible = 0;
			defaultConfigurationName = Release;
		};
/* End XCConfigurationList section */
	};
	rootObject = 327BBB96242DB2F200CA4F95 /* Project object */;
}
